// !$*UTF8*$!
{
	archiveVersion = 1;
	classes = {
	};
	objectVersion = 46;
	objects = {

/* Begin PBXBuildFile section */
		84CB452E1AFC5BCF006F189D /* main.m in Sources */ = {isa = PBXBuildFile; fileRef = 84CB452D1AFC5BCF006F189D /* main.m */; };
		84CB45311AFC5BCF006F189D /* AppDelegate.m in Sources */ = {isa = PBXBuildFile; fileRef = 84CB45301AFC5BCF006F189D /* AppDelegate.m */; };
		84CB45341AFC5BCF006F189D /* ViewController.m in Sources */ = {isa = PBXBuildFile; fileRef = 84CB45331AFC5BCF006F189D /* ViewController.m */; };
		84CB45371AFC5BCF006F189D /* Main.storyboard in Resources */ = {isa = PBXBuildFile; fileRef = 84CB45351AFC5BCF006F189D /* Main.storyboard */; };
		84CB45391AFC5BCF006F189D /* Images.xcassets in Resources */ = {isa = PBXBuildFile; fileRef = 84CB45381AFC5BCF006F189D /* Images.xcassets */; };
		84CB453C1AFC5BCF006F189D /* LaunchScreen.xib in Resources */ = {isa = PBXBuildFile; fileRef = 84CB453A1AFC5BCF006F189D /* LaunchScreen.xib */; };
		84CB45481AFC5BCF006F189D /* AVDemoTests.m in Sources */ = {isa = PBXBuildFile; fileRef = 84CB45471AFC5BCF006F189D /* AVDemoTests.m */; };
/* End PBXBuildFile section */

/* Begin PBXContainerItemProxy section */
		84CB45421AFC5BCF006F189D /* PBXContainerItemProxy */ = {
			isa = PBXContainerItemProxy;
			containerPortal = 84CB45201AFC5BCF006F189D /* Project object */;
			proxyType = 1;
			remoteGlobalIDString = 84CB45271AFC5BCF006F189D;
			remoteInfo = AVDemo;
		};
/* End PBXContainerItemProxy section */

/* Begin PBXFileReference section */
		84CB45281AFC5BCF006F189D /* AVDemo.app */ = {isa = PBXFileReference; explicitFileType = wrapper.application; includeInIndex = 0; path = AVDemo.app; sourceTree = BUILT_PRODUCTS_DIR; };
		84CB452C1AFC5BCF006F189D /* Info.plist */ = {isa = PBXFileReference; lastKnownFileType = text.plist.xml; path = Info.plist; sourceTree = "<group>"; };
		84CB452D1AFC5BCF006F189D /* main.m */ = {isa = PBXFileReference; lastKnownFileType = sourcecode.c.objc; path = main.m; sourceTree = "<group>"; };
		84CB452F1AFC5BCF006F189D /* AppDelegate.h */ = {isa = PBXFileReference; lastKnownFileType = sourcecode.c.h; path = AppDelegate.h; sourceTree = "<group>"; };
		84CB45301AFC5BCF006F189D /* AppDelegate.m */ = {isa = PBXFileReference; lastKnownFileType = sourcecode.c.objc; path = AppDelegate.m; sourceTree = "<group>"; };
		84CB45321AFC5BCF006F189D /* ViewController.h */ = {isa = PBXFileReference; lastKnownFileType = sourcecode.c.h; path = ViewController.h; sourceTree = "<group>"; };
		84CB45331AFC5BCF006F189D /* ViewController.m */ = {isa = PBXFileReference; lastKnownFileType = sourcecode.c.objc; path = ViewController.m; sourceTree = "<group>"; };
		84CB45361AFC5BCF006F189D /* Base */ = {isa = PBXFileReference; lastKnownFileType = file.storyboard; name = Base; path = Base.lproj/Main.storyboard; sourceTree = "<group>"; };
		84CB45381AFC5BCF006F189D /* Images.xcassets */ = {isa = PBXFileReference; lastKnownFileType = folder.assetcatalog; path = Images.xcassets; sourceTree = "<group>"; };
		84CB453B1AFC5BCF006F189D /* Base */ = {isa = PBXFileReference; lastKnownFileType = file.xib; name = Base; path = Base.lproj/LaunchScreen.xib; sourceTree = "<group>"; };
		84CB45411AFC5BCF006F189D /* AVDemoTests.xctest */ = {isa = PBXFileReference; explicitFileType = wrapper.cfbundle; includeInIndex = 0; path = AVDemoTests.xctest; sourceTree = BUILT_PRODUCTS_DIR; };
		84CB45461AFC5BCF006F189D /* Info.plist */ = {isa = PBXFileReference; lastKnownFileType = text.plist.xml; path = Info.plist; sourceTree = "<group>"; };
		84CB45471AFC5BCF006F189D /* AVDemoTests.m */ = {isa = PBXFileReference; lastKnownFileType = sourcecode.c.objc; path = AVDemoTests.m; sourceTree = "<group>"; };
/* End PBXFileReference section */

/* Begin PBXFrameworksBuildPhase section */
		84CB45251AFC5BCF006F189D /* Frameworks */ = {
			isa = PBXFrameworksBuildPhase;
			buildActionMask = 2147483647;
			files = (
			);
			runOnlyForDeploymentPostprocessing = 0;
		};
		84CB453E1AFC5BCF006F189D /* Frameworks */ = {
			isa = PBXFrameworksBuildPhase;
			buildActionMask = 2147483647;
			files = (
			);
			runOnlyForDeploymentPostprocessing = 0;
		};
/* End PBXFrameworksBuildPhase section */

/* Begin PBXGroup section */
		84CB451F1AFC5BCF006F189D = {
			isa = PBXGroup;
			children = (
				84CB452A1AFC5BCF006F189D /* AVDemo */,
				84CB45441AFC5BCF006F189D /* AVDemoTests */,
				84CB45291AFC5BCF006F189D /* Products */,
			);
			sourceTree = "<group>";
		};
		84CB45291AFC5BCF006F189D /* Products */ = {
			isa = PBXGroup;
			children = (
				84CB45281AFC5BCF006F189D /* AVDemo.app */,
				84CB45411AFC5BCF006F189D /* AVDemoTests.xctest */,
			);
			name = Products;
			sourceTree = "<group>";
		};
		84CB452A1AFC5BCF006F189D /* AVDemo */ = {
			isa = PBXGroup;
			children = (
				84CB452F1AFC5BCF006F189D /* AppDelegate.h */,
				84CB45301AFC5BCF006F189D /* AppDelegate.m */,
				84CB45321AFC5BCF006F189D /* ViewController.h */,
				84CB45331AFC5BCF006F189D /* ViewController.m */,
				84CB45351AFC5BCF006F189D /* Main.storyboard */,
				84CB45381AFC5BCF006F189D /* Images.xcassets */,
				84CB453A1AFC5BCF006F189D /* LaunchScreen.xib */,
				84CB452B1AFC5BCF006F189D /* Supporting Files */,
			);
			path = AVDemo;
			sourceTree = "<group>";
		};
		84CB452B1AFC5BCF006F189D /* Supporting Files */ = {
			isa = PBXGroup;
			children = (
				84CB452C1AFC5BCF006F189D /* Info.plist */,
				84CB452D1AFC5BCF006F189D /* main.m */,
			);
			name = "Supporting Files";
			sourceTree = "<group>";
		};
		84CB45441AFC5BCF006F189D /* AVDemoTests */ = {
			isa = PBXGroup;
			children = (
				84CB45471AFC5BCF006F189D /* AVDemoTests.m */,
				84CB45451AFC5BCF006F189D /* Supporting Files */,
			);
			path = AVDemoTests;
			sourceTree = "<group>";
		};
		84CB45451AFC5BCF006F189D /* Supporting Files */ = {
			isa = PBXGroup;
			children = (
				84CB45461AFC5BCF006F189D /* Info.plist */,
			);
			name = "Supporting Files";
			sourceTree = "<group>";
		};
/* End PBXGroup section */

/* Begin PBXNativeTarget section */
		84CB45271AFC5BCF006F189D /* AVDemo */ = {
			isa = PBXNativeTarget;
			buildConfigurationList = 84CB454B1AFC5BCF006F189D /* Build configuration list for PBXNativeTarget "AVDemo" */;
			buildPhases = (
				84CB45241AFC5BCF006F189D /* Sources */,
				84CB45251AFC5BCF006F189D /* Frameworks */,
				84CB45261AFC5BCF006F189D /* Resources */,
			);
			buildRules = (
			);
			dependencies = (
			);
			name = AVDemo;
			productName = AVDemo;
			productReference = 84CB45281AFC5BCF006F189D /* AVDemo.app */;
			productType = "com.apple.product-type.application";
		};
		84CB45401AFC5BCF006F189D /* AVDemoTests */ = {
			isa = PBXNativeTarget;
			buildConfigurationList = 84CB454E1AFC5BCF006F189D /* Build configuration list for PBXNativeTarget "AVDemoTests" */;
			buildPhases = (
				84CB453D1AFC5BCF006F189D /* Sources */,
				84CB453E1AFC5BCF006F189D /* Frameworks */,
				84CB453F1AFC5BCF006F189D /* Resources */,
			);
			buildRules = (
			);
			dependencies = (
				84CB45431AFC5BCF006F189D /* PBXTargetDependency */,
			);
			name = AVDemoTests;
			productName = AVDemoTests;
			productReference = 84CB45411AFC5BCF006F189D /* AVDemoTests.xctest */;
			productType = "com.apple.product-type.bundle.unit-test";
		};
/* End PBXNativeTarget section */

/* Begin PBXProject section */
		84CB45201AFC5BCF006F189D /* Project object */ = {
			isa = PBXProject;
			attributes = {
				LastUpgradeCheck = 0630;
				ORGANIZATIONNAME = MicroCai;
				TargetAttributes = {
					84CB45271AFC5BCF006F189D = {
						CreatedOnToolsVersion = 6.3;
						DevelopmentTeam = 2V3T4T4V4S;
					};
					84CB45401AFC5BCF006F189D = {
						CreatedOnToolsVersion = 6.3;
						TestTargetID = 84CB45271AFC5BCF006F189D;
					};
				};
			};
			buildConfigurationList = 84CB45231AFC5BCF006F189D /* Build configuration list for PBXProject "AVDemo" */;
			compatibilityVersion = "Xcode 3.2";
			developmentRegion = English;
			hasScannedForEncodings = 0;
			knownRegions = (
				en,
				Base,
			);
			mainGroup = 84CB451F1AFC5BCF006F189D;
			productRefGroup = 84CB45291AFC5BCF006F189D /* Products */;
			projectDirPath = "";
			projectRoot = "";
			targets = (
				84CB45271AFC5BCF006F189D /* AVDemo */,
				84CB45401AFC5BCF006F189D /* AVDemoTests */,
			);
		};
/* End PBXProject section */

/* Begin PBXResourcesBuildPhase section */
		84CB45261AFC5BCF006F189D /* Resources */ = {
			isa = PBXResourcesBuildPhase;
			buildActionMask = 2147483647;
			files = (
				84CB45371AFC5BCF006F189D /* Main.storyboard in Resources */,
				84CB453C1AFC5BCF006F189D /* LaunchScreen.xib in Resources */,
				84CB45391AFC5BCF006F189D /* Images.xcassets in Resources */,
			);
			runOnlyForDeploymentPostprocessing = 0;
		};
		84CB453F1AFC5BCF006F189D /* Resources */ = {
			isa = PBXResourcesBuildPhase;
			buildActionMask = 2147483647;
			files = (
			);
			runOnlyForDeploymentPostprocessing = 0;
		};
/* End PBXResourcesBuildPhase section */

/* Begin PBXSourcesBuildPhase section */
		84CB45241AFC5BCF006F189D /* Sources */ = {
			isa = PBXSourcesBuildPhase;
			buildActionMask = 2147483647;
			files = (
				84CB45341AFC5BCF006F189D /* ViewController.m in Sources */,
				84CB45311AFC5BCF006F189D /* AppDelegate.m in Sources */,
				84CB452E1AFC5BCF006F189D /* main.m in Sources */,
			);
			runOnlyForDeploymentPostprocessing = 0;
		};
		84CB453D1AFC5BCF006F189D /* Sources */ = {
			isa = PBXSourcesBuildPhase;
			buildActionMask = 2147483647;
			files = (
				84CB45481AFC5BCF006F189D /* AVDemoTests.m in Sources */,
			);
			runOnlyForDeploymentPostprocessing = 0;
		};
/* End PBXSourcesBuildPhase section */

/* Begin PBXTargetDependency section */
		84CB45431AFC5BCF006F189D /* PBXTargetDependency */ = {
			isa = PBXTargetDependency;
			target = 84CB45271AFC5BCF006F189D /* AVDemo */;
			targetProxy = 84CB45421AFC5BCF006F189D /* PBXContainerItemProxy */;
		};
/* End PBXTargetDependency section */

/* Begin PBXVariantGroup section */
		84CB45351AFC5BCF006F189D /* Main.storyboard */ = {
			isa = PBXVariantGroup;
			children = (
				84CB45361AFC5BCF006F189D /* Base */,
			);
			name = Main.storyboard;
			sourceTree = "<group>";
		};
		84CB453A1AFC5BCF006F189D /* LaunchScreen.xib */ = {
			isa = PBXVariantGroup;
			children = (
				84CB453B1AFC5BCF006F189D /* Base */,
			);
			name = LaunchScreen.xib;
			sourceTree = "<group>";
		};
/* End PBXVariantGroup section */

/* Begin XCBuildConfiguration section */
		84CB45491AFC5BCF006F189D /* Debug */ = {
			isa = XCBuildConfiguration;
			buildSettings = {
				ALWAYS_SEARCH_USER_PATHS = NO;
				CLANG_CXX_LANGUAGE_STANDARD = "gnu++0x";
				CLANG_CXX_LIBRARY = "libc++";
				CLANG_ENABLE_MODULES = YES;
				CLANG_ENABLE_OBJC_ARC = YES;
				CLANG_WARN_BOOL_CONVERSION = YES;
				CLANG_WARN_CONSTANT_CONVERSION = YES;
				CLANG_WARN_DIRECT_OBJC_ISA_USAGE = YES_ERROR;
				CLANG_WARN_EMPTY_BODY = YES;
				CLANG_WARN_ENUM_CONVERSION = YES;
				CLANG_WARN_INT_CONVERSION = YES;
				CLANG_WARN_OBJC_ROOT_CLASS = YES_ERROR;
				CLANG_WARN_UNREACHABLE_CODE = YES;
				CLANG_WARN__DUPLICATE_METHOD_MATCH = YES;
				"CODE_SIGN_IDENTITY[sdk=iphoneos*]" = "iPhone Developer";
				COPY_PHASE_STRIP = NO;
				DEBUG_INFORMATION_FORMAT = "dwarf-with-dsym";
				ENABLE_STRICT_OBJC_MSGSEND = YES;
				GCC_C_LANGUAGE_STANDARD = gnu99;
				GCC_DYNAMIC_NO_PIC = NO;
				GCC_NO_COMMON_BLOCKS = YES;
				GCC_OPTIMIZATION_LEVEL = 0;
				GCC_PREPROCESSOR_DEFINITIONS = (
					"DEBUG=1",
					"$(inherited)",
				);
				GCC_SYMBOLS_PRIVATE_EXTERN = NO;
				GCC_WARN_64_TO_32_BIT_CONVERSION = YES;
				GCC_WARN_ABOUT_RETURN_TYPE = YES_ERROR;
				GCC_WARN_UNDECLARED_SELECTOR = YES;
				GCC_WARN_UNINITIALIZED_AUTOS = YES_AGGRESSIVE;
				GCC_WARN_UNUSED_FUNCTION = YES;
				GCC_WARN_UNUSED_VARIABLE = YES;
				IPHONEOS_DEPLOYMENT_TARGET = 8.0;
				MTL_ENABLE_DEBUG_INFO = YES;
				ONLY_ACTIVE_ARCH = YES;
				SDKROOT = iphoneos;
			};
			name = Debug;
		};
		84CB454A1AFC5BCF006F189D /* Release */ = {
			isa = XCBuildConfiguration;
			buildSettings = {
				ALWAYS_SEARCH_USER_PATHS = NO;
				CLANG_CXX_LANGUAGE_STANDARD = "gnu++0x";
				CLANG_CXX_LIBRARY = "libc++";
				CLANG_ENABLE_MODULES = YES;
				CLANG_ENABLE_OBJC_ARC = YES;
				CLANG_WARN_BOOL_CONVERSION = YES;
				CLANG_WARN_CONSTANT_CONVERSION = YES;
				CLANG_WARN_DIRECT_OBJC_ISA_USAGE = YES_ERROR;
				CLANG_WARN_EMPTY_BODY = YES;
				CLANG_WARN_ENUM_CONVERSION = YES;
				CLANG_WARN_INT_CONVERSION = YES;
				CLANG_WARN_OBJC_ROOT_CLASS = YES_ERROR;
				CLANG_WARN_UNREACHABLE_CODE = YES;
				CLANG_WARN__DUPLICATE_METHOD_MATCH = YES;
				"CODE_SIGN_IDENTITY[sdk=iphoneos*]" = "iPhone Developer";
				COPY_PHASE_STRIP = NO;
				DEBUG_INFORMATION_FORMAT = "dwarf-with-dsym";
				ENABLE_NS_ASSERTIONS = NO;
				ENABLE_STRICT_OBJC_MSGSEND = YES;
				GCC_C_LANGUAGE_STANDARD = gnu99;
				GCC_NO_COMMON_BLOCKS = YES;
				GCC_WARN_64_TO_32_BIT_CONVERSION = YES;
				GCC_WARN_ABOUT_RETURN_TYPE = YES_ERROR;
				GCC_WARN_UNDECLARED_SELECTOR = YES;
				GCC_WARN_UNINITIALIZED_AUTOS = YES_AGGRESSIVE;
				GCC_WARN_UNUSED_FUNCTION = YES;
				GCC_WARN_UNUSED_VARIABLE = YES;
				IPHONEOS_DEPLOYMENT_TARGET = 8.0;
				MTL_ENABLE_DEBUG_INFO = NO;
				SDKROOT = iphoneos;
				VALIDATE_PRODUCT = YES;
			};
			name = Release;
		};
		84CB454C1AFC5BCF006F189D /* Debug */ = {
			isa = XCBuildConfiguration;
			buildSettings = {
				ASSETCATALOG_COMPILER_APPICON_NAME = AppIcon;
				CODE_SIGN_IDENTITY = "iPhone Developer";
				INFOPLIST_FILE = AVDemo/Info.plist;
				LD_RUNPATH_SEARCH_PATHS = "$(inherited) @executable_path/Frameworks";
				PRODUCT_NAME = "$(TARGET_NAME)";
			};
			name = Debug;
		};
		84CB454D1AFC5BCF006F189D /* Release */ = {
			isa = XCBuildConfiguration;
			buildSettings = {
				ASSETCATALOG_COMPILER_APPICON_NAME = AppIcon;
				CODE_SIGN_IDENTITY = "iPhone Developer";
				INFOPLIST_FILE = AVDemo/Info.plist;
				LD_RUNPATH_SEARCH_PATHS = "$(inherited) @executable_path/Frameworks";
				PRODUCT_NAME = "$(TARGET_NAME)";
			};
			name = Release;
		};
		84CB454F1AFC5BCF006F189D /* Debug */ = {
			isa = XCBuildConfiguration;
			buildSettings = {
				BUNDLE_LOADER = "$(TEST_HOST)";
				FRAMEWORK_SEARCH_PATHS = (
					"$(SDKROOT)/Developer/Library/Frameworks",
					"$(inherited)",
				);
				GCC_PREPROCESSOR_DEFINITIONS = (
					"DEBUG=1",
					"$(inherited)",
				);
				INFOPLIST_FILE = AVDemoTests/Info.plist;
				LD_RUNPATH_SEARCH_PATHS = "$(inherited) @executable_path/Frameworks @loader_path/Frameworks";
				PRODUCT_NAME = "$(TARGET_NAME)";
				TEST_HOST = "$(BUILT_PRODUCTS_DIR)/AVDemo.app/AVDemo";
			};
			name = Debug;
		};
		84CB45501AFC5BCF006F189D /* Release */ = {
			isa = XCBuildConfiguration;
			buildSettings = {
				BUNDLE_LOADER = "$(TEST_HOST)";
				FRAMEWORK_SEARCH_PATHS = (
					"$(SDKROOT)/Developer/Library/Frameworks",
					"$(inherited)",
				);
				INFOPLIST_FILE = AVDemoTests/Info.plist;
				LD_RUNPATH_SEARCH_PATHS = "$(inherited) @executable_path/Frameworks @loader_path/Frameworks";
				PRODUCT_NAME = "$(TARGET_NAME)";
				TEST_HOST = "$(BUILT_PRODUCTS_DIR)/AVDemo.app/AVDemo";
			};
			name = Release;
		};
/* End XCBuildConfiguration section */

/* Begin XCConfigurationList section */
		84CB45231AFC5BCF006F189D /* Build configuration list for PBXProject "AVDemo" */ = {
			isa = XCConfigurationList;
			buildConfigurations = (
				84CB45491AFC5BCF006F189D /* Debug */,
				84CB454A1AFC5BCF006F189D /* Release */,
			);
			defaultConfigurationIsVisible = 0;
			defaultConfigurationName = Release;
		};
		84CB454B1AFC5BCF006F189D /* Build configuration list for PBXNativeTarget "AVDemo" */ = {
			isa = XCConfigurationList;
			buildConfigurations = (
				84CB454C1AFC5BCF006F189D /* Debug */,
				84CB454D1AFC5BCF006F189D /* Release */,
			);
			defaultConfigurationIsVisible = 0;
		};
		84CB454E1AFC5BCF006F189D /* Build configuration list for PBXNativeTarget "AVDemoTests" */ = {
			isa = XCConfigurationList;
			buildConfigurations = (
				84CB454F1AFC5BCF006F189D /* Debug */,
				84CB45501AFC5BCF006F189D /* Release */,
			);
			defaultConfigurationIsVisible = 0;
		};
/* End XCConfigurationList section */
	};
	rootObject = 84CB45201AFC5BCF006F189D /* Project object */;
}
